{
  "name": "astring-quench",
  "version": "0.3.0",
  "lockfileVersion": 2,
  "requires": true,
  "packages": {
    "": {
      "name": "astring-quench",
      "version": "0.3.0",
      "dependencies": {
        "astring": "^1.7.0"
      }
    },
    "node_modules/astring": {
      "version": "1.7.0",
      "resolved": "https://registry.npmjs.org/astring/-/astring-1.7.0.tgz",
      "integrity": "sha512-43bervUZNvahG1v74a+POdGlAWcOUGSvP9fJVj6sywzM/SquwDkA+CdP938e8tWHUV77fStCiqzaQHAt0u6MVA==",
      "bin": {
        "astring": "bin/astring"
      }
    }
  },
  "dependencies": {
    "astring": {
      "version": "1.7.0",
      "resolved": "https://registry.npmjs.org/astring/-/astring-1.7.0.tgz",
      "integrity": "sha512-43bervUZNvahG1v74a+POdGlAWcOUGSvP9fJVj6sywzM/SquwDkA+CdP938e8tWHUV77fStCiqzaQHAt0u6MVA=="
    }
  }
}
